
Microsoft Visual Studio Solution File, Format Version 12.00
# Visual Studio Version 17
VisualStudioVersion = 17.7.33711.374
MinimumVisualStudioVersion = 10.0.40219.1
Project("{9A19103F-16F7-4668-BE54-9A1E7A4F7556}") = "Consumer", "Consumer\Consumer.csproj", "{075C997F-D610-4900-B866-84502461C931}"
EndProject
Project("{FAE04EC0-301F-11D3-BF4B-00C04F79EFBC}") = "WorkerConsumer", "WorkerConsumer\WorkerConsumer.csproj", "{9DF232D0-EBCF-4903-AFAF-B1F64B078D8C}"
EndProject
Global
	GlobalSection(SolutionConfigurationPlatforms) = preSolution
		Debug|Any CPU = Debug|Any CPU
		Release|Any CPU = Release|Any CPU
	EndGlobalSection
	GlobalSection(ProjectConfigurationPlatforms) = postSolution
		{075C997F-D610-4900-B866-84502461C931}.Debug|Any CPU.ActiveCfg = Debug|Any CPU
		{075C997F-D610-4900-B866-84502461C931}.Debug|Any CPU.Build.0 = Debug|Any CPU
		{075C997F-D610-4900-B866-84502461C931}.Release|Any CPU.ActiveCfg = Release|Any CPU
		{075C997F-D610-4900-B866-84502461C931}.Release|Any CPU.Build.0 = Release|Any CPU
		{9DF232D0-EBCF-4903-AFAF-B1F64B078D8C}.Debug|Any CPU.ActiveCfg = Debug|Any CPU
		{9DF232D0-EBCF-4903-AFAF-B1F64B078D8C}.Debug|Any CPU.Build.0 = Debug|Any CPU
		{9DF232D0-EBCF-4903-AFAF-B1F64B078D8C}.Release|Any CPU.ActiveCfg = Release|Any CPU
		{9DF232D0-EBCF-4903-AFAF-B1F64B078D8C}.Release|Any CPU.Build.0 = Release|Any CPU
	EndGlobalSection
	GlobalSection(SolutionProperties) = preSolution
		HideSolutionNode = FALSE
	EndGlobalSection
	GlobalSection(ExtensibilityGlobals) = postSolution
		SolutionGuid = {58C3A97B-1A64-4FB6-B5BA-9029EFED091D}
	EndGlobalSection
EndGlobal
