
Microsoft Visual Studio Solution File, Format Version 12.00
# Visual Studio Version 17
VisualStudioVersion = 17.7.33711.374
MinimumVisualStudioVersion = 10.0.40219.1
Project("{FAE04EC0-301F-11D3-BF4B-00C04F79EFBC}") = "Publisher", "Publisher\Publisher.csproj", "{7D53D7CC-8B72-4075-8567-EE74D692BB6B}"
EndProject
Global
	GlobalSection(SolutionConfigurationPlatforms) = preSolution
		Debug|Any CPU = Debug|Any CPU
		Release|Any CPU = Release|Any CPU
	EndGlobalSection
	GlobalSection(ProjectConfigurationPlatforms) = postSolution
		{7D53D7CC-8B72-4075-8567-EE74D692BB6B}.Debug|Any CPU.ActiveCfg = Debug|Any CPU
		{7D53D7CC-8B72-4075-8567-EE74D692BB6B}.Debug|Any CPU.Build.0 = Debug|Any CPU
		{7D53D7CC-8B72-4075-8567-EE74D692BB6B}.Release|Any CPU.ActiveCfg = Release|Any CPU
		{7D53D7CC-8B72-4075-8567-EE74D692BB6B}.Release|Any CPU.Build.0 = Release|Any CPU
	EndGlobalSection
	GlobalSection(SolutionProperties) = preSolution
		HideSolutionNode = FALSE
	EndGlobalSection
	GlobalSection(ExtensibilityGlobals) = postSolution
		SolutionGuid = {E85E13C2-4D7C-4411-926C-6E4D77D85DC4}
	EndGlobalSection
EndGlobal
